gitlab.com/writeonlyhugo/writeonlyhugo-theme v0.0.0-20220309152555-3afce2531df8 h1:DsbdGPy29j06o/lO4q/EdHslbjG/R+/IDSC4XITDTl8=
gitlab.com/writeonlyhugo/writeonlyhugo-theme v0.0.0-20220309152555-3afce2531df8/go.mod h1:kE+aU+gAH5XIK35pg8Wa82sJuFCJ25XZoGUz5cv/BRc=
gitlab.com/writeonlyhugo/writeonlyhugo-theme v0.0.0-20220418175240-cbfd032c853c h1:zJscwIG4y4DM2cj1ZGG2Uu43lC3Dy77qF1MFwKV7560=
gitlab.com/writeonlyhugo/writeonlyhugo-theme v0.0.0-20220418175240-cbfd032c853c/go.mod h1:P7/m68fTI7BiAlCizIQwngO7ldVYeMivAsRemcDFB8Q=
gitlab.com/writeonlyhugo/writeonlyhugo-theme v0.0.0-20220816085636-b01e94025274 h1:NP8AjWzhhKDBxt1E7dBiWbb+7ytpfPwNeqThIOf5keU=
gitlab.com/writeonlyhugo/writeonlyhugo-theme v0.0.0-20220816085636-b01e94025274/go.mod h1:3Tia0y/0cDnptFlh/LrTnQW03u1CN4QONeWIwalXdgU=
gitlab.com/writeonlyhugo/writeonlyhugo-theme v0.0.0-20230104081505-ab4312f463b3 h1:hq4PH+3Qxx+FvoxxN2thwHKE/kBKdp5g8/tvSXUdkV0=
gitlab.com/writeonlyhugo/writeonlyhugo-theme v0.0.0-20230104081505-ab4312f463b3/go.mod h1:TQafGo0IVh/tNaoi9zpPgZea3XHAahKIes5MjdMrhsU=
